// !$*UTF8*$!
{
	archiveVersion = 1;
	classes = {
	};
	objectVersion = 51;
	objects = {

/* Begin PBXBuildFile section */
		5D06425686CD30A8C2C11D53 /* Pods_BestMeal.framework in Frameworks */ = {isa = PBXBuildFile; fileRef = D0DF74C9DC9FE36EDC284FF6 /* Pods_BestMeal.framework */; };
		EB6F77FA2584889E00C50F9F /* AppDelegate.swift in Sources */ = {isa = PBXBuildFile; fileRef = EB6F77F92584889E00C50F9F /* AppDelegate.swift */; };
		EB6F77FC2584889E00C50F9F /* SceneDelegate.swift in Sources */ = {isa = PBXBuildFile; fileRef = EB6F77FB2584889E00C50F9F /* SceneDelegate.swift */; };
		EB6F78012584889E00C50F9F /* Main.storyboard in Resources */ = {isa = PBXBuildFile; fileRef = EB6F77FF2584889E00C50F9F /* Main.storyboard */; };
		EB6F78032584889F00C50F9F /* Assets.xcassets in Resources */ = {isa = PBXBuildFile; fileRef = EB6F78022584889F00C50F9F /* Assets.xcassets */; };
		EB6F78062584889F00C50F9F /* LaunchScreen.storyboard in Resources */ = {isa = PBXBuildFile; fileRef = EB6F78042584889F00C50F9F /* LaunchScreen.storyboard */; };
		EB6F782F25848E7D00C50F9F /* RegisterViewController.swift in Sources */ = {isa = PBXBuildFile; fileRef = EB6F782E25848E7D00C50F9F /* RegisterViewController.swift */; };
		EB6F783225848E8900C50F9F /* SearchViewController.swift in Sources */ = {isa = PBXBuildFile; fileRef = EB6F783125848E8900C50F9F /* SearchViewController.swift */; };
		EB6F783525848EA000C50F9F /* CardSwipeViewController.swift in Sources */ = {isa = PBXBuildFile; fileRef = EB6F783425848EA000C50F9F /* CardSwipeViewController.swift */; };
		EB6F783825848EB100C50F9F /* NameListViewController.swift in Sources */ = {isa = PBXBuildFile; fileRef = EB6F783725848EB100C50F9F /* NameListViewController.swift */; };
		EB6F783B25848EC000C50F9F /* DetailViewController.swift in Sources */ = {isa = PBXBuildFile; fileRef = EB6F783A25848EC000C50F9F /* DetailViewController.swift */; };
		EB6F783E25848F4400C50F9F /* OpeningViewController.swift in Sources */ = {isa = PBXBuildFile; fileRef = EB6F783D25848F4400C50F9F /* OpeningViewController.swift */; };
		EB6F784125849B4B00C50F9F /* AnalyticsModel.swift in Sources */ = {isa = PBXBuildFile; fileRef = EB6F784025849B4B00C50F9F /* AnalyticsModel.swift */; };
		EB6F784425849D8B00C50F9F /* ShopData.swift in Sources */ = {isa = PBXBuildFile; fileRef = EB6F784325849D8B00C50F9F /* ShopData.swift */; };
		EB6F78622584CABB00C50F9F /* CardViewCell.swift in Sources */ = {isa = PBXBuildFile; fileRef = EB6F78602584CABB00C50F9F /* CardViewCell.swift */; };
		EB6F78632584CABB00C50F9F /* CardViewCell.xib in Resources */ = {isa = PBXBuildFile; fileRef = EB6F78612584CABB00C50F9F /* CardViewCell.xib */; };
		EB6F78802584D7B800C50F9F /* DataOnTheCardModel.swift in Sources */ = {isa = PBXBuildFile; fileRef = EB6F787F2584D7B800C50F9F /* DataOnTheCardModel.swift */; };
		EB6F78832584E58000C50F9F /* GetUserInfoToMakeOriginalList.swift in Sources */ = {isa = PBXBuildFile; fileRef = EB6F78822584E58000C50F9F /* GetUserInfoToMakeOriginalList.swift */; };
		EB6F78872584ED4F00C50F9F /* FavoritePlaceListViewController.swift in Sources */ = {isa = PBXBuildFile; fileRef = EB6F78862584ED4F00C50F9F /* FavoritePlaceListViewController.swift */; };
		EB6F788B2585A31F00C50F9F /* GoogleService-Info.plist in Resources */ = {isa = PBXBuildFile; fileRef = EB6F788A2585A31F00C50F9F /* GoogleService-Info.plist */; };
/* End PBXBuildFile section */

/* Begin PBXFileReference section */
		7FDD78726DFA4398899A1899 /* Pods-BestMeal.debug.xcconfig */ = {isa = PBXFileReference; includeInIndex = 1; lastKnownFileType = text.xcconfig; name = "Pods-BestMeal.debug.xcconfig"; path = "Target Support Files/Pods-BestMeal/Pods-BestMeal.debug.xcconfig"; sourceTree = "<group>"; };
		AB652B1E367440AC205E2E80 /* Pods-BestMeal.release.xcconfig */ = {isa = PBXFileReference; includeInIndex = 1; lastKnownFileType = text.xcconfig; name = "Pods-BestMeal.release.xcconfig"; path = "Target Support Files/Pods-BestMeal/Pods-BestMeal.release.xcconfig"; sourceTree = "<group>"; };
		D0DF74C9DC9FE36EDC284FF6 /* Pods_BestMeal.framework */ = {isa = PBXFileReference; explicitFileType = wrapper.framework; includeInIndex = 0; path = Pods_BestMeal.framework; sourceTree = BUILT_PRODUCTS_DIR; };
		EB6F77F62584889E00C50F9F /* BestMeal.app */ = {isa = PBXFileReference; explicitFileType = wrapper.application; includeInIndex = 0; path = BestMeal.app; sourceTree = BUILT_PRODUCTS_DIR; };
		EB6F77F92584889E00C50F9F /* AppDelegate.swift */ = {isa = PBXFileReference; lastKnownFileType = sourcecode.swift; path = AppDelegate.swift; sourceTree = "<group>"; };
		EB6F77FB2584889E00C50F9F /* SceneDelegate.swift */ = {isa = PBXFileReference; lastKnownFileType = sourcecode.swift; path = SceneDelegate.swift; sourceTree = "<group>"; };
		EB6F78002584889E00C50F9F /* Base */ = {isa = PBXFileReference; lastKnownFileType = file.storyboard; name = Base; path = Base.lproj/Main.storyboard; sourceTree = "<group>"; };
		EB6F78022584889F00C50F9F /* Assets.xcassets */ = {isa = PBXFileReference; lastKnownFileType = folder.assetcatalog; path = Assets.xcassets; sourceTree = "<group>"; };
		EB6F78052584889F00C50F9F /* Base */ = {isa = PBXFileReference; lastKnownFileType = file.storyboard; name = Base; path = Base.lproj/LaunchScreen.storyboard; sourceTree = "<group>"; };
		EB6F78072584889F00C50F9F /* Info.plist */ = {isa = PBXFileReference; lastKnownFileType = text.plist.xml; path = Info.plist; sourceTree = "<group>"; };
		EB6F782E25848E7D00C50F9F /* RegisterViewController.swift */ = {isa = PBXFileReference; lastKnownFileType = sourcecode.swift; path = RegisterViewController.swift; sourceTree = "<group>"; };
		EB6F783125848E8900C50F9F /* SearchViewController.swift */ = {isa = PBXFileReference; lastKnownFileType = sourcecode.swift; path = SearchViewController.swift; sourceTree = "<group>"; };
		EB6F783425848EA000C50F9F /* CardSwipeViewController.swift */ = {isa = PBXFileReference; lastKnownFileType = sourcecode.swift; path = CardSwipeViewController.swift; sourceTree = "<group>"; };
		EB6F783725848EB100C50F9F /* NameListViewController.swift */ = {isa = PBXFileReference; lastKnownFileType = sourcecode.swift; path = NameListViewController.swift; sourceTree = "<group>"; };
		EB6F783A25848EC000C50F9F /* DetailViewController.swift */ = {isa = PBXFileReference; lastKnownFileType = sourcecode.swift; path = DetailViewController.swift; sourceTree = "<group>"; };
		EB6F783D25848F4400C50F9F /* OpeningViewController.swift */ = {isa = PBXFileReference; lastKnownFileType = sourcecode.swift; path = OpeningViewController.swift; sourceTree = "<group>"; };
		EB6F784025849B4B00C50F9F /* AnalyticsModel.swift */ = {isa = PBXFileReference; lastKnownFileType = sourcecode.swift; path = AnalyticsModel.swift; sourceTree = "<group>"; };
		EB6F784325849D8B00C50F9F /* ShopData.swift */ = {isa = PBXFileReference; lastKnownFileType = sourcecode.swift; path = ShopData.swift; sourceTree = "<group>"; };
		EB6F78602584CABB00C50F9F /* CardViewCell.swift */ = {isa = PBXFileReference; lastKnownFileType = sourcecode.swift; path = CardViewCell.swift; sourceTree = "<group>"; };
		EB6F78612584CABB00C50F9F /* CardViewCell.xib */ = {isa = PBXFileReference; lastKnownFileType = file.xib; path = CardViewCell.xib; sourceTree = "<group>"; };
		EB6F787F2584D7B800C50F9F /* DataOnTheCardModel.swift */ = {isa = PBXFileReference; lastKnownFileType = sourcecode.swift; path = DataOnTheCardModel.swift; sourceTree = "<group>"; };
		EB6F78822584E58000C50F9F /* GetUserInfoToMakeOriginalList.swift */ = {isa = PBXFileReference; lastKnownFileType = sourcecode.swift; path = GetUserInfoToMakeOriginalList.swift; sourceTree = "<group>"; };
		EB6F78862584ED4F00C50F9F /* FavoritePlaceListViewController.swift */ = {isa = PBXFileReference; lastKnownFileType = sourcecode.swift; path = FavoritePlaceListViewController.swift; sourceTree = "<group>"; };
		EB6F788A2585A31F00C50F9F /* GoogleService-Info.plist */ = {isa = PBXFileReference; fileEncoding = 4; lastKnownFileType = text.plist.xml; path = "GoogleService-Info.plist"; sourceTree = "<group>"; };
/* End PBXFileReference section */

/* Begin PBXFrameworksBuildPhase section */
		EB6F77F32584889E00C50F9F /* Frameworks */ = {
			isa = PBXFrameworksBuildPhase;
			buildActionMask = 2147483647;
			files = (
				5D06425686CD30A8C2C11D53 /* Pods_BestMeal.framework in Frameworks */,
			);
			runOnlyForDeploymentPostprocessing = 0;
		};
/* End PBXFrameworksBuildPhase section */

/* Begin PBXGroup section */
		0CB61249AEC703DE57834B42 /* Pods */ = {
			isa = PBXGroup;
			children = (
				7FDD78726DFA4398899A1899 /* Pods-BestMeal.debug.xcconfig */,
				AB652B1E367440AC205E2E80 /* Pods-BestMeal.release.xcconfig */,
			);
			path = Pods;
			sourceTree = "<group>";
		};
		7F93EE6ED0E47D606646B805 /* Frameworks */ = {
			isa = PBXGroup;
			children = (
				D0DF74C9DC9FE36EDC284FF6 /* Pods_BestMeal.framework */,
			);
			name = Frameworks;
			sourceTree = "<group>";
		};
		EB6F77ED2584889E00C50F9F = {
			isa = PBXGroup;
			children = (
				EB6F77F82584889E00C50F9F /* BestMeal */,
				EB6F77F72584889E00C50F9F /* Products */,
				0CB61249AEC703DE57834B42 /* Pods */,
				7F93EE6ED0E47D606646B805 /* Frameworks */,
			);
			sourceTree = "<group>";
		};
		EB6F77F72584889E00C50F9F /* Products */ = {
			isa = PBXGroup;
			children = (
				EB6F77F62584889E00C50F9F /* BestMeal.app */,
			);
			name = Products;
			sourceTree = "<group>";
		};
		EB6F77F82584889E00C50F9F /* BestMeal */ = {
			isa = PBXGroup;
			children = (
				EB6F780F25848AE400C50F9F /* Model */,
				EB6F781125848AEF00C50F9F /* Controller */,
				EB6F781025848AE900C50F9F /* View */,
				EB6F78072584889F00C50F9F /* Info.plist */,
				EB6F788A2585A31F00C50F9F /* GoogleService-Info.plist */,
			);
			path = BestMeal;
			sourceTree = "<group>";
		};
		EB6F780F25848AE400C50F9F /* Model */ = {
			isa = PBXGroup;
			children = (
				EB6F784325849D8B00C50F9F /* ShopData.swift */,
				EB6F784025849B4B00C50F9F /* AnalyticsModel.swift */,
				EB6F787F2584D7B800C50F9F /* DataOnTheCardModel.swift */,
				EB6F78822584E58000C50F9F /* GetUserInfoToMakeOriginalList.swift */,
			);
			path = Model;
			sourceTree = "<group>";
		};
		EB6F781025848AE900C50F9F /* View */ = {
			isa = PBXGroup;
			children = (
				EB6F78602584CABB00C50F9F /* CardViewCell.swift */,
				EB6F78612584CABB00C50F9F /* CardViewCell.xib */,
				EB6F77FF2584889E00C50F9F /* Main.storyboard */,
				EB6F78022584889F00C50F9F /* Assets.xcassets */,
				EB6F78042584889F00C50F9F /* LaunchScreen.storyboard */,
			);
			path = View;
			sourceTree = "<group>";
		};
		EB6F781125848AEF00C50F9F /* Controller */ = {
			isa = PBXGroup;
			children = (
				EB6F77F92584889E00C50F9F /* AppDelegate.swift */,
				EB6F77FB2584889E00C50F9F /* SceneDelegate.swift */,
				EB6F783D25848F4400C50F9F /* OpeningViewController.swift */,
				EB6F782E25848E7D00C50F9F /* RegisterViewController.swift */,
				EB6F783125848E8900C50F9F /* SearchViewController.swift */,
				EB6F783425848EA000C50F9F /* CardSwipeViewController.swift */,
				EB6F783725848EB100C50F9F /* NameListViewController.swift */,
				EB6F78862584ED4F00C50F9F /* FavoritePlaceListViewController.swift */,
				EB6F783A25848EC000C50F9F /* DetailViewController.swift */,
			);
			path = Controller;
			sourceTree = "<group>";
		};
/* End PBXGroup section */

/* Begin PBXNativeTarget section */
		EB6F77F52584889E00C50F9F /* BestMeal */ = {
			isa = PBXNativeTarget;
			buildConfigurationList = EB6F780A2584889F00C50F9F /* Build configuration list for PBXNativeTarget "BestMeal" */;
			buildPhases = (
				E26208A1E4B2A150C944B936 /* [CP] Check Pods Manifest.lock */,
				EB6F77F22584889E00C50F9F /* Sources */,
				EB6F77F32584889E00C50F9F /* Frameworks */,
				EB6F77F42584889E00C50F9F /* Resources */,
				B50D4B3786DAA5B835336268 /* [CP] Embed Pods Frameworks */,
			);
			buildRules = (
			);
			dependencies = (
			);
			name = BestMeal;
			productName = BestMeal;
			productReference = EB6F77F62584889E00C50F9F /* BestMeal.app */;
			productType = "com.apple.product-type.application";
		};
/* End PBXNativeTarget section */

/* Begin PBXProject section */
		EB6F77EE2584889E00C50F9F /* Project object */ = {
			isa = PBXProject;
			attributes = {
				LastSwiftUpdateCheck = 1220;
				LastUpgradeCheck = 1220;
				TargetAttributes = {
					EB6F77F52584889E00C50F9F = {
						CreatedOnToolsVersion = 12.2;
					};
				};
			};
			buildConfigurationList = EB6F77F12584889E00C50F9F /* Build configuration list for PBXProject "BestMeal" */;
			compatibilityVersion = "Xcode 9.3";
			developmentRegion = en;
			hasScannedForEncodings = 0;
			knownRegions = (
				en,
				Base,
			);
			mainGroup = EB6F77ED2584889E00C50F9F;
			productRefGroup = EB6F77F72584889E00C50F9F /* Products */;
			projectDirPath = "";
			projectRoot = "";
			targets = (
				EB6F77F52584889E00C50F9F /* BestMeal */,
			);
		};
/* End PBXProject section */

/* Begin PBXResourcesBuildPhase section */
		EB6F77F42584889E00C50F9F /* Resources */ = {
			isa = PBXResourcesBuildPhase;
			buildActionMask = 2147483647;
			files = (
				EB6F78062584889F00C50F9F /* LaunchScreen.storyboard in Resources */,
				EB6F78032584889F00C50F9F /* Assets.xcassets in Resources */,
				EB6F78632584CABB00C50F9F /* CardViewCell.xib in Resources */,
				EB6F78012584889E00C50F9F /* Main.storyboard in Resources */,
				EB6F788B2585A31F00C50F9F /* GoogleService-Info.plist in Resources */,
			);
			runOnlyForDeploymentPostprocessing = 0;
		};
/* End PBXResourcesBuildPhase section */

/* Begin PBXShellScriptBuildPhase section */
		B50D4B3786DAA5B835336268 /* [CP] Embed Pods Frameworks */ = {
			isa = PBXShellScriptBuildPhase;
			buildActionMask = 2147483647;
			files = (
			);
			inputFileListPaths = (
				"${PODS_ROOT}/Target Support Files/Pods-BestMeal/Pods-BestMeal-frameworks-${CONFIGURATION}-input-files.xcfilelist",
			);
			name = "[CP] Embed Pods Frameworks";
			outputFileListPaths = (
				"${PODS_ROOT}/Target Support Files/Pods-BestMeal/Pods-BestMeal-frameworks-${CONFIGURATION}-output-files.xcfilelist",
			);
			runOnlyForDeploymentPostprocessing = 0;
			shellPath = /bin/sh;
			shellScript = "\"${PODS_ROOT}/Target Support Files/Pods-BestMeal/Pods-BestMeal-frameworks.sh\"\n";
			showEnvVarsInLog = 0;
		};
		E26208A1E4B2A150C944B936 /* [CP] Check Pods Manifest.lock */ = {
			isa = PBXShellScriptBuildPhase;
			buildActionMask = 2147483647;
			files = (
			);
			inputFileListPaths = (
			);
			inputPaths = (
				"${PODS_PODFILE_DIR_PATH}/Podfile.lock",
				"${PODS_ROOT}/Manifest.lock",
			);
			name = "[CP] Check Pods Manifest.lock";
			outputFileListPaths = (
			);
			outputPaths = (
				"$(DERIVED_FILE_DIR)/Pods-BestMeal-checkManifestLockResult.txt",
			);
			runOnlyForDeploymentPostprocessing = 0;
			shellPath = /bin/sh;
			shellScript = "diff \"${PODS_PODFILE_DIR_PATH}/Podfile.lock\" \"${PODS_ROOT}/Manifest.lock\" > /dev/null\nif [ $? != 0 ] ; then\n    # print error to STDERR\n    echo \"error: The sandbox is not in sync with the Podfile.lock. Run 'pod install' or update your CocoaPods installation.\" >&2\n    exit 1\nfi\n# This output is used by Xcode 'outputs' to avoid re-running this script phase.\necho \"SUCCESS\" > \"${SCRIPT_OUTPUT_FILE_0}\"\n";
			showEnvVarsInLog = 0;
		};
/* End PBXShellScriptBuildPhase section */

/* Begin PBXSourcesBuildPhase section */
		EB6F77F22584889E00C50F9F /* Sources */ = {
			isa = PBXSourcesBuildPhase;
			buildActionMask = 2147483647;
			files = (
				EB6F783525848EA000C50F9F /* CardSwipeViewController.swift in Sources */,
				EB6F78832584E58000C50F9F /* GetUserInfoToMakeOriginalList.swift in Sources */,
				EB6F782F25848E7D00C50F9F /* RegisterViewController.swift in Sources */,
				EB6F783825848EB100C50F9F /* NameListViewController.swift in Sources */,
				EB6F77FA2584889E00C50F9F /* AppDelegate.swift in Sources */,
				EB6F784125849B4B00C50F9F /* AnalyticsModel.swift in Sources */,
				EB6F78872584ED4F00C50F9F /* FavoritePlaceListViewController.swift in Sources */,
				EB6F784425849D8B00C50F9F /* ShopData.swift in Sources */,
				EB6F783225848E8900C50F9F /* SearchViewController.swift in Sources */,
				EB6F783E25848F4400C50F9F /* OpeningViewController.swift in Sources */,
				EB6F77FC2584889E00C50F9F /* SceneDelegate.swift in Sources */,
				EB6F78622584CABB00C50F9F /* CardViewCell.swift in Sources */,
				EB6F78802584D7B800C50F9F /* DataOnTheCardModel.swift in Sources */,
				EB6F783B25848EC000C50F9F /* DetailViewController.swift in Sources */,
			);
			runOnlyForDeploymentPostprocessing = 0;
		};
/* End PBXSourcesBuildPhase section */

/* Begin PBXVariantGroup section */
		EB6F77FF2584889E00C50F9F /* Main.storyboard */ = {
			isa = PBXVariantGroup;
			children = (
				EB6F78002584889E00C50F9F /* Base */,
			);
			name = Main.storyboard;
			sourceTree = "<group>";
		};
		EB6F78042584889F00C50F9F /* LaunchScreen.storyboard */ = {
			isa = PBXVariantGroup;
			children = (
				EB6F78052584889F00C50F9F /* Base */,
			);
			name = LaunchScreen.storyboard;
			sourceTree = "<group>";
		};
/* End PBXVariantGroup section */

/* Begin XCBuildConfiguration section */
		EB6F78082584889F00C50F9F /* Debug */ = {
			isa = XCBuildConfiguration;
			buildSettings = {
				ALWAYS_SEARCH_USER_PATHS = NO;
				CLANG_ANALYZER_NONNULL = YES;
				CLANG_ANALYZER_NUMBER_OBJECT_CONVERSION = YES_AGGRESSIVE;
				CLANG_CXX_LANGUAGE_STANDARD = "gnu++14";
				CLANG_CXX_LIBRARY = "libc++";
				CLANG_ENABLE_MODULES = YES;
				CLANG_ENABLE_OBJC_ARC = YES;
				CLANG_ENABLE_OBJC_WEAK = YES;
				CLANG_WARN_BLOCK_CAPTURE_AUTORELEASING = YES;
				CLANG_WARN_BOOL_CONVERSION = YES;
				CLANG_WARN_COMMA = YES;
				CLANG_WARN_CONSTANT_CONVERSION = YES;
				CLANG_WARN_DEPRECATED_OBJC_IMPLEMENTATIONS = YES;
				CLANG_WARN_DIRECT_OBJC_ISA_USAGE = YES_ERROR;
				CLANG_WARN_DOCUMENTATION_COMMENTS = YES;
				CLANG_WARN_EMPTY_BODY = YES;
				CLANG_WARN_ENUM_CONVERSION = YES;
				CLANG_WARN_INFINITE_RECURSION = YES;
				CLANG_WARN_INT_CONVERSION = YES;
				CLANG_WARN_NON_LITERAL_NULL_CONVERSION = YES;
				CLANG_WARN_OBJC_IMPLICIT_RETAIN_SELF = YES;
				CLANG_WARN_OBJC_LITERAL_CONVERSION = YES;
				CLANG_WARN_OBJC_ROOT_CLASS = YES_ERROR;
				CLANG_WARN_QUOTED_INCLUDE_IN_FRAMEWORK_HEADER = YES;
				CLANG_WARN_RANGE_LOOP_ANALYSIS = YES;
				CLANG_WARN_STRICT_PROTOTYPES = YES;
				CLANG_WARN_SUSPICIOUS_MOVE = YES;
				CLANG_WARN_UNGUARDED_AVAILABILITY = YES_AGGRESSIVE;
				CLANG_WARN_UNREACHABLE_CODE = YES;
				CLANG_WARN__DUPLICATE_METHOD_MATCH = YES;
				COPY_PHASE_STRIP = NO;
				DEBUG_INFORMATION_FORMAT = dwarf;
				ENABLE_STRICT_OBJC_MSGSEND = YES;
				ENABLE_TESTABILITY = YES;
				GCC_C_LANGUAGE_STANDARD = gnu11;
				GCC_DYNAMIC_NO_PIC = NO;
				GCC_NO_COMMON_BLOCKS = YES;
				GCC_OPTIMIZATION_LEVEL = 0;
				GCC_PREPROCESSOR_DEFINITIONS = (
					"DEBUG=1",
					"$(inherited)",
				);
				GCC_WARN_64_TO_32_BIT_CONVERSION = YES;
				GCC_WARN_ABOUT_RETURN_TYPE = YES_ERROR;
				GCC_WARN_UNDECLARED_SELECTOR = YES;
				GCC_WARN_UNINITIALIZED_AUTOS = YES_AGGRESSIVE;
				GCC_WARN_UNUSED_FUNCTION = YES;
				GCC_WARN_UNUSED_VARIABLE = YES;
				IPHONEOS_DEPLOYMENT_TARGET = 14.0;
				MTL_ENABLE_DEBUG_INFO = INCLUDE_SOURCE;
				MTL_FAST_MATH = YES;
				ONLY_ACTIVE_ARCH = YES;
				SDKROOT = iphoneos;
				SWIFT_ACTIVE_COMPILATION_CONDITIONS = DEBUG;
				SWIFT_OPTIMIZATION_LEVEL = "-Onone";
			};
			name = Debug;
		};
		EB6F78092584889F00C50F9F /* Release */ = {
			isa = XCBuildConfiguration;
			buildSettings = {
				ALWAYS_SEARCH_USER_PATHS = NO;
				CLANG_ANALYZER_NONNULL = YES;
				CLANG_ANALYZER_NUMBER_OBJECT_CONVERSION = YES_AGGRESSIVE;
				CLANG_CXX_LANGUAGE_STANDARD = "gnu++14";
				CLANG_CXX_LIBRARY = "libc++";
				CLANG_ENABLE_MODULES = YES;
				CLANG_ENABLE_OBJC_ARC = YES;
				CLANG_ENABLE_OBJC_WEAK = YES;
				CLANG_WARN_BLOCK_CAPTURE_AUTORELEASING = YES;
				CLANG_WARN_BOOL_CONVERSION = YES;
				CLANG_WARN_COMMA = YES;
				CLANG_WARN_CONSTANT_CONVERSION = YES;
				CLANG_WARN_DEPRECATED_OBJC_IMPLEMENTATIONS = YES;
				CLANG_WARN_DIRECT_OBJC_ISA_USAGE = YES_ERROR;
				CLANG_WARN_DOCUMENTATION_COMMENTS = YES;
				CLANG_WARN_EMPTY_BODY = YES;
				CLANG_WARN_ENUM_CONVERSION = YES;
				CLANG_WARN_INFINITE_RECURSION = YES;
				CLANG_WARN_INT_CONVERSION = YES;
				CLANG_WARN_NON_LITERAL_NULL_CONVERSION = YES;
				CLANG_WARN_OBJC_IMPLICIT_RETAIN_SELF = YES;
				CLANG_WARN_OBJC_LITERAL_CONVERSION = YES;
				CLANG_WARN_OBJC_ROOT_CLASS = YES_ERROR;
				CLANG_WARN_QUOTED_INCLUDE_IN_FRAMEWORK_HEADER = YES;
				CLANG_WARN_RANGE_LOOP_ANALYSIS = YES;
				CLANG_WARN_STRICT_PROTOTYPES = YES;
				CLANG_WARN_SUSPICIOUS_MOVE = YES;
				CLANG_WARN_UNGUARDED_AVAILABILITY = YES_AGGRESSIVE;
				CLANG_WARN_UNREACHABLE_CODE = YES;
				CLANG_WARN__DUPLICATE_METHOD_MATCH = YES;
				COPY_PHASE_STRIP = NO;
				DEBUG_INFORMATION_FORMAT = "dwarf-with-dsym";
				ENABLE_NS_ASSERTIONS = NO;
				ENABLE_STRICT_OBJC_MSGSEND = YES;
				GCC_C_LANGUAGE_STANDARD = gnu11;
				GCC_NO_COMMON_BLOCKS = YES;
				GCC_WARN_64_TO_32_BIT_CONVERSION = YES;
				GCC_WARN_ABOUT_RETURN_TYPE = YES_ERROR;
				GCC_WARN_UNDECLARED_SELECTOR = YES;
				GCC_WARN_UNINITIALIZED_AUTOS = YES_AGGRESSIVE;
				GCC_WARN_UNUSED_FUNCTION = YES;
				GCC_WARN_UNUSED_VARIABLE = YES;
				IPHONEOS_DEPLOYMENT_TARGET = 14.0;
				MTL_ENABLE_DEBUG_INFO = NO;
				MTL_FAST_MATH = YES;
				SDKROOT = iphoneos;
				SWIFT_COMPILATION_MODE = wholemodule;
				SWIFT_OPTIMIZATION_LEVEL = "-O";
				VALIDATE_PRODUCT = YES;
			};
			name = Release;
		};
		EB6F780B2584889F00C50F9F /* Debug */ = {
			isa = XCBuildConfiguration;
			baseConfigurationReference = 7FDD78726DFA4398899A1899 /* Pods-BestMeal.debug.xcconfig */;
			buildSettings = {
				ASSETCATALOG_COMPILER_APPICON_NAME = AppIcon;
				ASSETCATALOG_COMPILER_GLOBAL_ACCENT_COLOR_NAME = AccentColor;
				CODE_SIGN_IDENTITY = "Apple Development";
				CODE_SIGN_STYLE = Automatic;
				DEVELOPMENT_TEAM = N5BTNCBLBU;
				INFOPLIST_FILE = BestMeal/Info.plist;
				LD_RUNPATH_SEARCH_PATHS = (
					"$(inherited)",
					"@executable_path/Frameworks",
				);
				PRODUCT_BUNDLE_IDENTIFIER = com.LIAM.BestMeal;
				PRODUCT_NAME = "$(TARGET_NAME)";
				PROVISIONING_PROFILE_SPECIFIER = "";
				SWIFT_VERSION = 5.0;
				TARGETED_DEVICE_FAMILY = "1,2";
			};
			name = Debug;
		};
		EB6F780C2584889F00C50F9F /* Release */ = {
			isa = XCBuildConfiguration;
			baseConfigurationReference = AB652B1E367440AC205E2E80 /* Pods-BestMeal.release.xcconfig */;
			buildSettings = {
				ASSETCATALOG_COMPILER_APPICON_NAME = AppIcon;
				ASSETCATALOG_COMPILER_GLOBAL_ACCENT_COLOR_NAME = AccentColor;
				CODE_SIGN_IDENTITY = "Apple Development";
				CODE_SIGN_STYLE = Automatic;
				DEVELOPMENT_TEAM = N5BTNCBLBU;
				INFOPLIST_FILE = BestMeal/Info.plist;
				LD_RUNPATH_SEARCH_PATHS = (
					"$(inherited)",
					"@executable_path/Frameworks",
				);
				PRODUCT_BUNDLE_IDENTIFIER = com.LIAM.BestMeal;
				PRODUCT_NAME = "$(TARGET_NAME)";
				PROVISIONING_PROFILE_SPECIFIER = "";
				SWIFT_VERSION = 5.0;
				TARGETED_DEVICE_FAMILY = "1,2";
			};
			name = Release;
		};
/* End XCBuildConfiguration section */

/* Begin XCConfigurationList section */
		EB6F77F12584889E00C50F9F /* Build configuration list for PBXProject "BestMeal" */ = {
			isa = XCConfigurationList;
			buildConfigurations = (
				EB6F78082584889F00C50F9F /* Debug */,
				EB6F78092584889F00C50F9F /* Release */,
			);
			defaultConfigurationIsVisible = 0;
			defaultConfigurationName = Release;
		};
		EB6F780A2584889F00C50F9F /* Build configuration list for PBXNativeTarget "BestMeal" */ = {
			isa = XCConfigurationList;
			buildConfigurations = (
				EB6F780B2584889F00C50F9F /* Debug */,
				EB6F780C2584889F00C50F9F /* Release */,
			);
			defaultConfigurationIsVisible = 0;
			defaultConfigurationName = Release;
		};
/* End XCConfigurationList section */
	};
	rootObject = EB6F77EE2584889E00C50F9F /* Project object */;
}
