// !$*UTF8*$!
{
	archiveVersion = 1;
	classes = {
	};
	objectVersion = 51;
	objects = {

/* Begin PBXBuildFile section */
		4565546DD0A56F56623E9C41 /* Pods_BestMeal.framework in Frameworks */ = {isa = PBXBuildFile; fileRef = C54F071308220D6AD5795E5A /* Pods_BestMeal.framework */; };
		EB01A61A266B686F0098181B /* RegisterViewPresenter.swift in Sources */ = {isa = PBXBuildFile; fileRef = EB01A619266B686F0098181B /* RegisterViewPresenter.swift */; };
		EB01A61C266B687F0098181B /* SearchViewPresenter.swift in Sources */ = {isa = PBXBuildFile; fileRef = EB01A61B266B687F0098181B /* SearchViewPresenter.swift */; };
		EB01A61E266B68990098181B /* CardSwipeViewPresenter.swift in Sources */ = {isa = PBXBuildFile; fileRef = EB01A61D266B68990098181B /* CardSwipeViewPresenter.swift */; };
		EB01A620266B68B10098181B /* FavoritePlaceListViewPresenter.swift in Sources */ = {isa = PBXBuildFile; fileRef = EB01A61F266B68B10098181B /* FavoritePlaceListViewPresenter.swift */; };
		EB01A622266B70A10098181B /* SearchInteractor.swift in Sources */ = {isa = PBXBuildFile; fileRef = EB01A621266B70A10098181B /* SearchInteractor.swift */; };
		EB01A624266B70C60098181B /* CardSwipeInteractor.swift in Sources */ = {isa = PBXBuildFile; fileRef = EB01A623266B70C60098181B /* CardSwipeInteractor.swift */; };
		EB01A626266B70DF0098181B /* FavoritePlaceListInteractor.swift in Sources */ = {isa = PBXBuildFile; fileRef = EB01A625266B70DF0098181B /* FavoritePlaceListInteractor.swift */; };
		EB05C82225C45AC500C0AECD /* GoogleService-Info.plist in Resources */ = {isa = PBXBuildFile; fileRef = EB05C82125C45AC500C0AECD /* GoogleService-Info.plist */; };
		EB0782292633F490000571D3 /* UILabel+.swift in Sources */ = {isa = PBXBuildFile; fileRef = EB0782282633F490000571D3 /* UILabel+.swift */; };
		EB08561A2622D27400DEEFB9 /* showAlertProtocol.swift in Sources */ = {isa = PBXBuildFile; fileRef = EB0856192622D27400DEEFB9 /* showAlertProtocol.swift */; };
		EB2153DC25D264B0007BB9A0 /* PermitJudgeModel.swift in Sources */ = {isa = PBXBuildFile; fileRef = EB2153DB25D264B0007BB9A0 /* PermitJudgeModel.swift */; };
		EB6F77FA2584889E00C50F9F /* AppDelegate.swift in Sources */ = {isa = PBXBuildFile; fileRef = EB6F77F92584889E00C50F9F /* AppDelegate.swift */; };
		EB6F77FC2584889E00C50F9F /* SceneDelegate.swift in Sources */ = {isa = PBXBuildFile; fileRef = EB6F77FB2584889E00C50F9F /* SceneDelegate.swift */; };
		EB6F78012584889E00C50F9F /* Register.storyboard in Resources */ = {isa = PBXBuildFile; fileRef = EB6F77FF2584889E00C50F9F /* Register.storyboard */; };
		EB6F78032584889F00C50F9F /* Assets.xcassets in Resources */ = {isa = PBXBuildFile; fileRef = EB6F78022584889F00C50F9F /* Assets.xcassets */; };
		EB6F78062584889F00C50F9F /* LaunchScreen.storyboard in Resources */ = {isa = PBXBuildFile; fileRef = EB6F78042584889F00C50F9F /* LaunchScreen.storyboard */; };
		EB6F782F25848E7D00C50F9F /* RegisterViewController.swift in Sources */ = {isa = PBXBuildFile; fileRef = EB6F782E25848E7D00C50F9F /* RegisterViewController.swift */; };
		EB6F783225848E8900C50F9F /* SearchViewController.swift in Sources */ = {isa = PBXBuildFile; fileRef = EB6F783125848E8900C50F9F /* SearchViewController.swift */; };
		EB6F783525848EA000C50F9F /* CardSwipeViewController.swift in Sources */ = {isa = PBXBuildFile; fileRef = EB6F783425848EA000C50F9F /* CardSwipeViewController.swift */; };
		EB6F784125849B4B00C50F9F /* AnalyticsModel.swift in Sources */ = {isa = PBXBuildFile; fileRef = EB6F784025849B4B00C50F9F /* AnalyticsModel.swift */; };
		EB6F784425849D8B00C50F9F /* ShopData.swift in Sources */ = {isa = PBXBuildFile; fileRef = EB6F784325849D8B00C50F9F /* ShopData.swift */; };
		EB6F78622584CABB00C50F9F /* CardViewCell.swift in Sources */ = {isa = PBXBuildFile; fileRef = EB6F78602584CABB00C50F9F /* CardViewCell.swift */; };
		EB6F78632584CABB00C50F9F /* CardViewCell.xib in Resources */ = {isa = PBXBuildFile; fileRef = EB6F78612584CABB00C50F9F /* CardViewCell.xib */; };
		EB6F78872584ED4F00C50F9F /* FavoritePlaceListViewController.swift in Sources */ = {isa = PBXBuildFile; fileRef = EB6F78862584ED4F00C50F9F /* FavoritePlaceListViewController.swift */; };
		EB73D4A12684CC9C00510105 /* CardSwipeRouter.swift in Sources */ = {isa = PBXBuildFile; fileRef = EB73D4A02684CC9C00510105 /* CardSwipeRouter.swift */; };
		EB7E0DC025AAF53D008BBE26 /* SaveDataOnTheList.swift in Sources */ = {isa = PBXBuildFile; fileRef = EB7E0DBF25AAF53D008BBE26 /* SaveDataOnTheList.swift */; };
		EB8F3BC525E685D900624807 /* Constraints.swift in Sources */ = {isa = PBXBuildFile; fileRef = EB8F3BC425E685D900624807 /* Constraints.swift */; };
		EB903DE126045EA5004851B4 /* LikePlaceDatas.swift in Sources */ = {isa = PBXBuildFile; fileRef = EB903DE026045EA5004851B4 /* LikePlaceDatas.swift */; };
		EB9DFBF12680D96900BA5D65 /* RegisterRouter.swift in Sources */ = {isa = PBXBuildFile; fileRef = EB9DFBF02680D96900BA5D65 /* RegisterRouter.swift */; };
		EB9DFBF32680D9F300BA5D65 /* RegisterInteractor.swift in Sources */ = {isa = PBXBuildFile; fileRef = EB9DFBF22680D9F300BA5D65 /* RegisterInteractor.swift */; };
		EBC16B6E25E767030066B110 /* Search.storyboard in Resources */ = {isa = PBXBuildFile; fileRef = EBC16B6D25E767030066B110 /* Search.storyboard */; };
		EBC16B7125E767690066B110 /* SwipeCards.storyboard in Resources */ = {isa = PBXBuildFile; fileRef = EBC16B7025E767690066B110 /* SwipeCards.storyboard */; };
		EBC16B7425E7677E0066B110 /* List.storyboard in Resources */ = {isa = PBXBuildFile; fileRef = EBC16B7325E7677E0066B110 /* List.storyboard */; };
		EBC16B7B25E76AA40066B110 /* ListPlaceImageCell.swift in Sources */ = {isa = PBXBuildFile; fileRef = EBC16B7925E76AA40066B110 /* ListPlaceImageCell.swift */; };
		EBC16B7C25E76AA40066B110 /* ListPlaceImageCell.xib in Resources */ = {isa = PBXBuildFile; fileRef = EBC16B7A25E76AA40066B110 /* ListPlaceImageCell.xib */; };
		EBC16B8025E76AC20066B110 /* ListPlaceNameCell.swift in Sources */ = {isa = PBXBuildFile; fileRef = EBC16B7E25E76AC20066B110 /* ListPlaceNameCell.swift */; };
		EBC16B8125E76AC20066B110 /* ListPlaceNameCell.xib in Resources */ = {isa = PBXBuildFile; fileRef = EBC16B7F25E76AC20066B110 /* ListPlaceNameCell.xib */; };
		EBC5CEFD2602883C00ED5AD8 /* R.generated.swift in Sources */ = {isa = PBXBuildFile; fileRef = EBC5CEFC2602883C00ED5AD8 /* R.generated.swift */; };
		EBC8E939268221D000F84287 /* SearchRouter.swift in Sources */ = {isa = PBXBuildFile; fileRef = EBC8E938268221D000F84287 /* SearchRouter.swift */; };
		EBD913B925D35F6F008F23C3 /* 9637-check.json in Resources */ = {isa = PBXBuildFile; fileRef = EBD913B825D35F6F008F23C3 /* 9637-check.json */; };
		EBDDB6472605F2CF0033840D /* DetailedInfo.storyboard in Resources */ = {isa = PBXBuildFile; fileRef = EBDDB6462605F2CF0033840D /* DetailedInfo.storyboard */; };
		EBE5FC7A2650EAE100B7A971 /* BaseViewController.swift in Sources */ = {isa = PBXBuildFile; fileRef = EBE5FC792650EAE100B7A971 /* BaseViewController.swift */; };
		EBE5FD01265107D900B7A971 /* CardSwiperModel.swift in Sources */ = {isa = PBXBuildFile; fileRef = EBE5FD00265107D900B7A971 /* CardSwiperModel.swift */; };
		EBF3EBA1265120270036CD49 /* DisplayDatas.swift in Sources */ = {isa = PBXBuildFile; fileRef = EBF3EBA0265120270036CD49 /* DisplayDatas.swift */; };
		EBF51CED25D9215B00F0747C /* DataModelOnRealm.swift in Sources */ = {isa = PBXBuildFile; fileRef = EBF51CEC25D9215B00F0747C /* DataModelOnRealm.swift */; };
/* End PBXBuildFile section */

/* Begin PBXContainerItemProxy section */
		EBDC9B6D266D0E560091F381 /* PBXContainerItemProxy */ = {
			isa = PBXContainerItemProxy;
			containerPortal = EB6F77EE2584889E00C50F9F /* Project object */;
			proxyType = 1;
			remoteGlobalIDString = EB6F77F52584889E00C50F9F;
			remoteInfo = BestMeal;
		};
/* End PBXContainerItemProxy section */

/* Begin PBXFileReference section */
		1149420E99BE2A84BD471CAC /* Pods-BestMeal.debug.xcconfig */ = {isa = PBXFileReference; includeInIndex = 1; lastKnownFileType = text.xcconfig; name = "Pods-BestMeal.debug.xcconfig"; path = "Target Support Files/Pods-BestMeal/Pods-BestMeal.debug.xcconfig"; sourceTree = "<group>"; };
		3A25342EF01C1A0C4A99D0C0 /* Pods-BestMeal.release.xcconfig */ = {isa = PBXFileReference; includeInIndex = 1; lastKnownFileType = text.xcconfig; name = "Pods-BestMeal.release.xcconfig"; path = "Target Support Files/Pods-BestMeal/Pods-BestMeal.release.xcconfig"; sourceTree = "<group>"; };
		C54F071308220D6AD5795E5A /* Pods_BestMeal.framework */ = {isa = PBXFileReference; explicitFileType = wrapper.framework; includeInIndex = 0; path = Pods_BestMeal.framework; sourceTree = BUILT_PRODUCTS_DIR; };
		EB01A619266B686F0098181B /* RegisterViewPresenter.swift */ = {isa = PBXFileReference; lastKnownFileType = sourcecode.swift; path = RegisterViewPresenter.swift; sourceTree = "<group>"; };
		EB01A61B266B687F0098181B /* SearchViewPresenter.swift */ = {isa = PBXFileReference; lastKnownFileType = sourcecode.swift; path = SearchViewPresenter.swift; sourceTree = "<group>"; };
		EB01A61D266B68990098181B /* CardSwipeViewPresenter.swift */ = {isa = PBXFileReference; lastKnownFileType = sourcecode.swift; path = CardSwipeViewPresenter.swift; sourceTree = "<group>"; };
		EB01A61F266B68B10098181B /* FavoritePlaceListViewPresenter.swift */ = {isa = PBXFileReference; lastKnownFileType = sourcecode.swift; path = FavoritePlaceListViewPresenter.swift; sourceTree = "<group>"; };
		EB01A621266B70A10098181B /* SearchInteractor.swift */ = {isa = PBXFileReference; lastKnownFileType = sourcecode.swift; path = SearchInteractor.swift; sourceTree = "<group>"; };
		EB01A623266B70C60098181B /* CardSwipeInteractor.swift */ = {isa = PBXFileReference; lastKnownFileType = sourcecode.swift; path = CardSwipeInteractor.swift; sourceTree = "<group>"; };
		EB01A625266B70DF0098181B /* FavoritePlaceListInteractor.swift */ = {isa = PBXFileReference; lastKnownFileType = sourcecode.swift; path = FavoritePlaceListInteractor.swift; sourceTree = "<group>"; };
		EB05C82125C45AC500C0AECD /* GoogleService-Info.plist */ = {isa = PBXFileReference; fileEncoding = 4; lastKnownFileType = text.plist.xml; path = "GoogleService-Info.plist"; sourceTree = "<group>"; };
		EB0782282633F490000571D3 /* UILabel+.swift */ = {isa = PBXFileReference; lastKnownFileType = sourcecode.swift; path = "UILabel+.swift"; sourceTree = "<group>"; };
		EB0856192622D27400DEEFB9 /* showAlertProtocol.swift */ = {isa = PBXFileReference; lastKnownFileType = sourcecode.swift; path = showAlertProtocol.swift; sourceTree = "<group>"; };
		EB2153DB25D264B0007BB9A0 /* PermitJudgeModel.swift */ = {isa = PBXFileReference; lastKnownFileType = sourcecode.swift; path = PermitJudgeModel.swift; sourceTree = "<group>"; };
		EB6F77F62584889E00C50F9F /* BestMeal.app */ = {isa = PBXFileReference; explicitFileType = wrapper.application; includeInIndex = 0; path = BestMeal.app; sourceTree = BUILT_PRODUCTS_DIR; };
		EB6F77F92584889E00C50F9F /* AppDelegate.swift */ = {isa = PBXFileReference; lastKnownFileType = sourcecode.swift; path = AppDelegate.swift; sourceTree = "<group>"; };
		EB6F77FB2584889E00C50F9F /* SceneDelegate.swift */ = {isa = PBXFileReference; lastKnownFileType = sourcecode.swift; path = SceneDelegate.swift; sourceTree = "<group>"; };
		EB6F78002584889E00C50F9F /* Base */ = {isa = PBXFileReference; lastKnownFileType = file.storyboard; name = Base; path = Base.lproj/Register.storyboard; sourceTree = "<group>"; };
		EB6F78022584889F00C50F9F /* Assets.xcassets */ = {isa = PBXFileReference; lastKnownFileType = folder.assetcatalog; path = Assets.xcassets; sourceTree = "<group>"; };
		EB6F78052584889F00C50F9F /* Base */ = {isa = PBXFileReference; lastKnownFileType = file.storyboard; name = Base; path = Base.lproj/LaunchScreen.storyboard; sourceTree = "<group>"; };
		EB6F78072584889F00C50F9F /* Info.plist */ = {isa = PBXFileReference; lastKnownFileType = text.plist.xml; path = Info.plist; sourceTree = "<group>"; };
		EB6F782E25848E7D00C50F9F /* RegisterViewController.swift */ = {isa = PBXFileReference; lastKnownFileType = sourcecode.swift; path = RegisterViewController.swift; sourceTree = "<group>"; };
		EB6F783125848E8900C50F9F /* SearchViewController.swift */ = {isa = PBXFileReference; lastKnownFileType = sourcecode.swift; path = SearchViewController.swift; sourceTree = "<group>"; };
		EB6F783425848EA000C50F9F /* CardSwipeViewController.swift */ = {isa = PBXFileReference; lastKnownFileType = sourcecode.swift; path = CardSwipeViewController.swift; sourceTree = "<group>"; };
		EB6F784025849B4B00C50F9F /* AnalyticsModel.swift */ = {isa = PBXFileReference; lastKnownFileType = sourcecode.swift; path = AnalyticsModel.swift; sourceTree = "<group>"; };
		EB6F784325849D8B00C50F9F /* ShopData.swift */ = {isa = PBXFileReference; lastKnownFileType = sourcecode.swift; path = ShopData.swift; sourceTree = "<group>"; };
		EB6F78602584CABB00C50F9F /* CardViewCell.swift */ = {isa = PBXFileReference; lastKnownFileType = sourcecode.swift; path = CardViewCell.swift; sourceTree = "<group>"; };
		EB6F78612584CABB00C50F9F /* CardViewCell.xib */ = {isa = PBXFileReference; lastKnownFileType = file.xib; path = CardViewCell.xib; sourceTree = "<group>"; };
		EB6F78862584ED4F00C50F9F /* FavoritePlaceListViewController.swift */ = {isa = PBXFileReference; lastKnownFileType = sourcecode.swift; path = FavoritePlaceListViewController.swift; sourceTree = "<group>"; };
		EB73D4A02684CC9C00510105 /* CardSwipeRouter.swift */ = {isa = PBXFileReference; lastKnownFileType = sourcecode.swift; path = CardSwipeRouter.swift; sourceTree = "<group>"; };
		EB7E0DBF25AAF53D008BBE26 /* SaveDataOnTheList.swift */ = {isa = PBXFileReference; lastKnownFileType = sourcecode.swift; path = SaveDataOnTheList.swift; sourceTree = "<group>"; };
		EB80175D25B17D2F0075A814 /* BestMeal.entitlements */ = {isa = PBXFileReference; lastKnownFileType = text.plist.entitlements; path = BestMeal.entitlements; sourceTree = "<group>"; };
		EB8F3BC425E685D900624807 /* Constraints.swift */ = {isa = PBXFileReference; lastKnownFileType = sourcecode.swift; path = Constraints.swift; sourceTree = "<group>"; };
		EB903DE026045EA5004851B4 /* LikePlaceDatas.swift */ = {isa = PBXFileReference; lastKnownFileType = sourcecode.swift; path = LikePlaceDatas.swift; sourceTree = "<group>"; };
		EB9DFBF02680D96900BA5D65 /* RegisterRouter.swift */ = {isa = PBXFileReference; lastKnownFileType = sourcecode.swift; path = RegisterRouter.swift; sourceTree = "<group>"; };
		EB9DFBF22680D9F300BA5D65 /* RegisterInteractor.swift */ = {isa = PBXFileReference; lastKnownFileType = sourcecode.swift; path = RegisterInteractor.swift; sourceTree = "<group>"; };
		EBC16B6D25E767030066B110 /* Search.storyboard */ = {isa = PBXFileReference; lastKnownFileType = file.storyboard; path = Search.storyboard; sourceTree = "<group>"; };
		EBC16B7025E767690066B110 /* SwipeCards.storyboard */ = {isa = PBXFileReference; lastKnownFileType = file.storyboard; path = SwipeCards.storyboard; sourceTree = "<group>"; };
		EBC16B7325E7677E0066B110 /* List.storyboard */ = {isa = PBXFileReference; lastKnownFileType = file.storyboard; path = List.storyboard; sourceTree = "<group>"; };
		EBC16B7925E76AA40066B110 /* ListPlaceImageCell.swift */ = {isa = PBXFileReference; lastKnownFileType = sourcecode.swift; path = ListPlaceImageCell.swift; sourceTree = "<group>"; };
		EBC16B7A25E76AA40066B110 /* ListPlaceImageCell.xib */ = {isa = PBXFileReference; lastKnownFileType = file.xib; path = ListPlaceImageCell.xib; sourceTree = "<group>"; };
		EBC16B7E25E76AC20066B110 /* ListPlaceNameCell.swift */ = {isa = PBXFileReference; lastKnownFileType = sourcecode.swift; path = ListPlaceNameCell.swift; sourceTree = "<group>"; };
		EBC16B7F25E76AC20066B110 /* ListPlaceNameCell.xib */ = {isa = PBXFileReference; lastKnownFileType = file.xib; path = ListPlaceNameCell.xib; sourceTree = "<group>"; };
		EBC5CEFC2602883C00ED5AD8 /* R.generated.swift */ = {isa = PBXFileReference; fileEncoding = 4; lastKnownFileType = sourcecode.swift; path = R.generated.swift; sourceTree = "<group>"; };
		EBC8E938268221D000F84287 /* SearchRouter.swift */ = {isa = PBXFileReference; lastKnownFileType = sourcecode.swift; path = SearchRouter.swift; sourceTree = "<group>"; };
		EBD913B825D35F6F008F23C3 /* 9637-check.json */ = {isa = PBXFileReference; fileEncoding = 4; lastKnownFileType = text.json; path = "9637-check.json"; sourceTree = "<group>"; };
		EBDC9B68266D0E560091F381 /* BestMealUITests.xctest */ = {isa = PBXFileReference; explicitFileType = wrapper.cfbundle; includeInIndex = 0; path = BestMealUITests.xctest; sourceTree = BUILT_PRODUCTS_DIR; };
		EBDDB6462605F2CF0033840D /* DetailedInfo.storyboard */ = {isa = PBXFileReference; lastKnownFileType = file.storyboard; path = DetailedInfo.storyboard; sourceTree = "<group>"; };
		EBE5FC792650EAE100B7A971 /* BaseViewController.swift */ = {isa = PBXFileReference; lastKnownFileType = sourcecode.swift; path = BaseViewController.swift; sourceTree = "<group>"; };
		EBE5FD00265107D900B7A971 /* CardSwiperModel.swift */ = {isa = PBXFileReference; lastKnownFileType = sourcecode.swift; path = CardSwiperModel.swift; sourceTree = "<group>"; };
		EBF3EBA0265120270036CD49 /* DisplayDatas.swift */ = {isa = PBXFileReference; lastKnownFileType = sourcecode.swift; path = DisplayDatas.swift; sourceTree = "<group>"; };
		EBF51CEC25D9215B00F0747C /* DataModelOnRealm.swift */ = {isa = PBXFileReference; lastKnownFileType = sourcecode.swift; path = DataModelOnRealm.swift; sourceTree = "<group>"; };
/* End PBXFileReference section */

/* Begin PBXFrameworksBuildPhase section */
		EB6F77F32584889E00C50F9F /* Frameworks */ = {
			isa = PBXFrameworksBuildPhase;
			buildActionMask = 2147483647;
			files = (
				4565546DD0A56F56623E9C41 /* Pods_BestMeal.framework in Frameworks */,
			);
			runOnlyForDeploymentPostprocessing = 0;
		};
		EBDC9B65266D0E560091F381 /* Frameworks */ = {
			isa = PBXFrameworksBuildPhase;
			buildActionMask = 2147483647;
			files = (
			);
			runOnlyForDeploymentPostprocessing = 0;
		};
/* End PBXFrameworksBuildPhase section */

/* Begin PBXGroup section */
		0CB61249AEC703DE57834B42 /* Pods */ = {
			isa = PBXGroup;
			children = (
				1149420E99BE2A84BD471CAC /* Pods-BestMeal.debug.xcconfig */,
				3A25342EF01C1A0C4A99D0C0 /* Pods-BestMeal.release.xcconfig */,
			);
			path = Pods;
			sourceTree = "<group>";
		};
		7F93EE6ED0E47D606646B805 /* Frameworks */ = {
			isa = PBXGroup;
			children = (
				C54F071308220D6AD5795E5A /* Pods_BestMeal.framework */,
			);
			name = Frameworks;
			sourceTree = "<group>";
		};
		EB01A614266B65DD0098181B /* Interactor */ = {
			isa = PBXGroup;
			children = (
				EB9DFBF22680D9F300BA5D65 /* RegisterInteractor.swift */,
				EB01A621266B70A10098181B /* SearchInteractor.swift */,
				EB01A623266B70C60098181B /* CardSwipeInteractor.swift */,
				EB01A625266B70DF0098181B /* FavoritePlaceListInteractor.swift */,
				EB6F780F25848AE400C50F9F /* Model */,
			);
			path = Interactor;
			sourceTree = "<group>";
		};
		EB01A615266B65FE0098181B /* Presenter */ = {
			isa = PBXGroup;
			children = (
				EB01A619266B686F0098181B /* RegisterViewPresenter.swift */,
				EB01A61B266B687F0098181B /* SearchViewPresenter.swift */,
				EB01A61D266B68990098181B /* CardSwipeViewPresenter.swift */,
				EB01A61F266B68B10098181B /* FavoritePlaceListViewPresenter.swift */,
			);
			path = Presenter;
			sourceTree = "<group>";
		};
		EB01A616266B660A0098181B /* Router */ = {
			isa = PBXGroup;
			children = (
				EB9DFBF02680D96900BA5D65 /* RegisterRouter.swift */,
				EBC8E938268221D000F84287 /* SearchRouter.swift */,
				EB73D4A02684CC9C00510105 /* CardSwipeRouter.swift */,
			);
			path = Router;
			sourceTree = "<group>";
		};
		EB0856132622D0E500DEEFB9 /* CellView */ = {
			isa = PBXGroup;
			children = (
				EB6F78602584CABB00C50F9F /* CardViewCell.swift */,
				EBC16B7925E76AA40066B110 /* ListPlaceImageCell.swift */,
				EBC16B7E25E76AC20066B110 /* ListPlaceNameCell.swift */,
			);
			path = CellView;
			sourceTree = "<group>";
		};
		EB0856162622D13200DEEFB9 /* Common */ = {
			isa = PBXGroup;
			children = (
				EB6F77F92584889E00C50F9F /* AppDelegate.swift */,
				EB6F77FB2584889E00C50F9F /* SceneDelegate.swift */,
				EB8F3BC425E685D900624807 /* Constraints.swift */,
				EB6F78042584889F00C50F9F /* LaunchScreen.storyboard */,
			);
			path = Common;
			sourceTree = "<group>";
		};
		EB0856172622D17000DEEFB9 /* Extension */ = {
			isa = PBXGroup;
			children = (
				EB0856192622D27400DEEFB9 /* showAlertProtocol.swift */,
				EB0782282633F490000571D3 /* UILabel+.swift */,
			);
			path = Extension;
			sourceTree = "<group>";
		};
		EB085692262AA1F800DEEFB9 /* Entity */ = {
			isa = PBXGroup;
			children = (
				EB6F784325849D8B00C50F9F /* ShopData.swift */,
				EBF51CEC25D9215B00F0747C /* DataModelOnRealm.swift */,
				EB903DE026045EA5004851B4 /* LikePlaceDatas.swift */,
				EBF3EBA0265120270036CD49 /* DisplayDatas.swift */,
			);
			path = Entity;
			sourceTree = "<group>";
		};
		EB6F77ED2584889E00C50F9F = {
			isa = PBXGroup;
			children = (
				EB6F77F82584889E00C50F9F /* BestMeal */,
				EB6F77F72584889E00C50F9F /* Products */,
				0CB61249AEC703DE57834B42 /* Pods */,
				7F93EE6ED0E47D606646B805 /* Frameworks */,
			);
			sourceTree = "<group>";
		};
		EB6F77F72584889E00C50F9F /* Products */ = {
			isa = PBXGroup;
			children = (
				EB6F77F62584889E00C50F9F /* BestMeal.app */,
				EBDC9B68266D0E560091F381 /* BestMealUITests.xctest */,
			);
			name = Products;
			sourceTree = "<group>";
		};
		EB6F77F82584889E00C50F9F /* BestMeal */ = {
			isa = PBXGroup;
			children = (
				EB80175D25B17D2F0075A814 /* BestMeal.entitlements */,
				EB6F781025848AE900C50F9F /* View */,
				EB01A615266B65FE0098181B /* Presenter */,
				EB01A614266B65DD0098181B /* Interactor */,
				EB085692262AA1F800DEEFB9 /* Entity */,
				EB01A616266B660A0098181B /* Router */,
				EB0856162622D13200DEEFB9 /* Common */,
				EB0856172622D17000DEEFB9 /* Extension */,
				EB6F78072584889F00C50F9F /* Info.plist */,
				EB77F37626A41BAA00CDAC22 /* Resource */,
			);
			path = BestMeal;
			sourceTree = "<group>";
		};
		EB6F780F25848AE400C50F9F /* Model */ = {
			isa = PBXGroup;
			children = (
				EB2153DB25D264B0007BB9A0 /* PermitJudgeModel.swift */,
				EB6F784025849B4B00C50F9F /* AnalyticsModel.swift */,
				EB7E0DBF25AAF53D008BBE26 /* SaveDataOnTheList.swift */,
				EBE5FD00265107D900B7A971 /* CardSwiperModel.swift */,
			);
			path = Model;
			sourceTree = "<group>";
		};
		EB6F781025848AE900C50F9F /* View */ = {
			isa = PBXGroup;
			children = (
				EB7C714D25CFAA3D00019F14 /* Cell */,
				EB0856132622D0E500DEEFB9 /* CellView */,
				EB8FB6B225CE8EC00038413E /* Storyboard */,
				EB6F781125848AEF00C50F9F /* ViewController */,
			);
			path = View;
			sourceTree = "<group>";
		};
		EB6F781125848AEF00C50F9F /* ViewController */ = {
			isa = PBXGroup;
			children = (
				EBE5FC792650EAE100B7A971 /* BaseViewController.swift */,
				EB6F782E25848E7D00C50F9F /* RegisterViewController.swift */,
				EB6F783125848E8900C50F9F /* SearchViewController.swift */,
				EB6F783425848EA000C50F9F /* CardSwipeViewController.swift */,
				EB6F78862584ED4F00C50F9F /* FavoritePlaceListViewController.swift */,
			);
			path = ViewController;
			sourceTree = "<group>";
		};
		EB77F37626A41BAA00CDAC22 /* Resource */ = {
			isa = PBXGroup;
			children = (
				EBC5CEFC2602883C00ED5AD8 /* R.generated.swift */,
				EB05C82125C45AC500C0AECD /* GoogleService-Info.plist */,
				EB6F78022584889F00C50F9F /* Assets.xcassets */,
				EBD913B825D35F6F008F23C3 /* 9637-check.json */,
			);
			path = Resource;
			sourceTree = "<group>";
		};
		EB7C714D25CFAA3D00019F14 /* Cell */ = {
			isa = PBXGroup;
			children = (
				EB6F78612584CABB00C50F9F /* CardViewCell.xib */,
				EBC16B7A25E76AA40066B110 /* ListPlaceImageCell.xib */,
				EBC16B7F25E76AC20066B110 /* ListPlaceNameCell.xib */,
			);
			path = Cell;
			sourceTree = "<group>";
		};
		EB8FB6B225CE8EC00038413E /* Storyboard */ = {
			isa = PBXGroup;
			children = (
				EB6F77FF2584889E00C50F9F /* Register.storyboard */,
				EBC16B6D25E767030066B110 /* Search.storyboard */,
				EBC16B7025E767690066B110 /* SwipeCards.storyboard */,
				EBC16B7325E7677E0066B110 /* List.storyboard */,
				EBDDB6462605F2CF0033840D /* DetailedInfo.storyboard */,
			);
			path = Storyboard;
			sourceTree = "<group>";
		};
/* End PBXGroup section */

/* Begin PBXNativeTarget section */
		EB6F77F52584889E00C50F9F /* BestMeal */ = {
			isa = PBXNativeTarget;
			buildConfigurationList = EB6F780A2584889F00C50F9F /* Build configuration list for PBXNativeTarget "BestMeal" */;
			buildPhases = (
				EB40829725EF8E7000EDC690 /* [CP] Check Pods Manifest.lock */,
				EBC5CEFB2602878800ED5AD8 /* R.swift */,
				EB6F77F22584889E00C50F9F /* Sources */,
				EB6F77F32584889E00C50F9F /* Frameworks */,
				EB6F77F42584889E00C50F9F /* Resources */,
				31753CED3A3BC00124722EF4 /* [CP] Copy Pods Resources */,
				EB7C70EB25CF6DEA00019F14 /* swiftLint */,
				EB40829825EF8E9B00EDC690 /* [CP] Embed Pods Frameworks */,
			);
			buildRules = (
			);
			dependencies = (
			);
			name = BestMeal;
			productName = BestMeal;
			productReference = EB6F77F62584889E00C50F9F /* BestMeal.app */;
			productType = "com.apple.product-type.application";
		};
		EBDC9B67266D0E560091F381 /* BestMealUITests */ = {
			isa = PBXNativeTarget;
			buildConfigurationList = EBDC9B6F266D0E560091F381 /* Build configuration list for PBXNativeTarget "BestMealUITests" */;
			buildPhases = (
				EBDC9B64266D0E560091F381 /* Sources */,
				EBDC9B65266D0E560091F381 /* Frameworks */,
				EBDC9B66266D0E560091F381 /* Resources */,
			);
			buildRules = (
			);
			dependencies = (
				EBDC9B6E266D0E560091F381 /* PBXTargetDependency */,
			);
			name = BestMealUITests;
			productName = BestMealUITests;
			productReference = EBDC9B68266D0E560091F381 /* BestMealUITests.xctest */;
			productType = "com.apple.product-type.bundle.ui-testing";
		};
/* End PBXNativeTarget section */

/* Begin PBXProject section */
		EB6F77EE2584889E00C50F9F /* Project object */ = {
			isa = PBXProject;
			attributes = {
				LastSwiftUpdateCheck = 1250;
				LastUpgradeCheck = 1220;
				TargetAttributes = {
					EB6F77F52584889E00C50F9F = {
						CreatedOnToolsVersion = 12.2;
					};
					EBDC9B67266D0E560091F381 = {
						CreatedOnToolsVersion = 12.5;
						TestTargetID = EB6F77F52584889E00C50F9F;
					};
				};
			};
			buildConfigurationList = EB6F77F12584889E00C50F9F /* Build configuration list for PBXProject "BestMeal" */;
			compatibilityVersion = "Xcode 9.3";
			developmentRegion = en;
			hasScannedForEncodings = 0;
			knownRegions = (
				en,
				Base,
			);
			mainGroup = EB6F77ED2584889E00C50F9F;
			productRefGroup = EB6F77F72584889E00C50F9F /* Products */;
			projectDirPath = "";
			projectRoot = "";
			targets = (
				EB6F77F52584889E00C50F9F /* BestMeal */,
				EBDC9B67266D0E560091F381 /* BestMealUITests */,
			);
		};
/* End PBXProject section */

/* Begin PBXResourcesBuildPhase section */
		EB6F77F42584889E00C50F9F /* Resources */ = {
			isa = PBXResourcesBuildPhase;
			buildActionMask = 2147483647;
			files = (
				EBC16B7125E767690066B110 /* SwipeCards.storyboard in Resources */,
				EBDDB6472605F2CF0033840D /* DetailedInfo.storyboard in Resources */,
				EB6F78062584889F00C50F9F /* LaunchScreen.storyboard in Resources */,
				EBC16B7C25E76AA40066B110 /* ListPlaceImageCell.xib in Resources */,
				EBC16B8125E76AC20066B110 /* ListPlaceNameCell.xib in Resources */,
				EB6F78032584889F00C50F9F /* Assets.xcassets in Resources */,
				EBC16B6E25E767030066B110 /* Search.storyboard in Resources */,
				EB6F78632584CABB00C50F9F /* CardViewCell.xib in Resources */,
				EB6F78012584889E00C50F9F /* Register.storyboard in Resources */,
				EBD913B925D35F6F008F23C3 /* 9637-check.json in Resources */,
				EBC16B7425E7677E0066B110 /* List.storyboard in Resources */,
				EB05C82225C45AC500C0AECD /* GoogleService-Info.plist in Resources */,
			);
			runOnlyForDeploymentPostprocessing = 0;
		};
		EBDC9B66266D0E560091F381 /* Resources */ = {
			isa = PBXResourcesBuildPhase;
			buildActionMask = 2147483647;
			files = (
			);
			runOnlyForDeploymentPostprocessing = 0;
		};
/* End PBXResourcesBuildPhase section */

/* Begin PBXShellScriptBuildPhase section */
		31753CED3A3BC00124722EF4 /* [CP] Copy Pods Resources */ = {
			isa = PBXShellScriptBuildPhase;
			buildActionMask = 2147483647;
			files = (
			);
			inputFileListPaths = (
				"${PODS_ROOT}/Target Support Files/Pods-BestMeal/Pods-BestMeal-resources-${CONFIGURATION}-input-files.xcfilelist",
			);
			name = "[CP] Copy Pods Resources";
			outputFileListPaths = (
				"${PODS_ROOT}/Target Support Files/Pods-BestMeal/Pods-BestMeal-resources-${CONFIGURATION}-output-files.xcfilelist",
			);
			runOnlyForDeploymentPostprocessing = 0;
			shellPath = /bin/sh;
			shellScript = "\"${PODS_ROOT}/Target Support Files/Pods-BestMeal/Pods-BestMeal-resources.sh\"\n";
			showEnvVarsInLog = 0;
		};
		EB40829725EF8E7000EDC690 /* [CP] Check Pods Manifest.lock */ = {
			isa = PBXShellScriptBuildPhase;
			buildActionMask = 2147483647;
			files = (
			);
			inputFileListPaths = (
			);
			inputPaths = (
				"${PODS_PODFILE_DIR_PATH}/Podfile.lock",
				"${PODS_ROOT}/Manifest.lock",
			);
			name = "[CP] Check Pods Manifest.lock";
			outputFileListPaths = (
			);
			outputPaths = (
				"$(DERIVED_FILE_DIR)/Pods-BestMeal-checkManifestLockResult.txt",
			);
			runOnlyForDeploymentPostprocessing = 0;
			shellPath = /bin/sh;
			shellScript = "diff \"${PODS_PODFILE_DIR_PATH}/Podfile.lock\" \"${PODS_ROOT}/Manifest.lock\" > /dev/null\nif [ $? != 0 ] ; then\n    # print error to STDERR\n    echo \"error: The sandbox is not in sync with the Podfile.lock. Run 'pod install' or update your CocoaPods installation.\" >&2\n    exit 1\nfi\n# This output is used by Xcode 'outputs' to avoid re-running this script phase.\necho \"SUCCESS\" > \"${SCRIPT_OUTPUT_FILE_0}\"\n";
		};
		EB40829825EF8E9B00EDC690 /* [CP] Embed Pods Frameworks */ = {
			isa = PBXShellScriptBuildPhase;
			buildActionMask = 2147483647;
			files = (
			);
			inputFileListPaths = (
				"${PODS_ROOT}/Target Support Files/Pods-BestMeal/Pods-BestMeal-frameworks-${CONFIGURATION}-input-files.xcfilelist",
			);
			name = "[CP] Embed Pods Frameworks";
			outputFileListPaths = (
				"${PODS_ROOT}/Target Support Files/Pods-BestMeal/Pods-BestMeal-frameworks-${CONFIGURATION}-output-files.xcfilelist",
			);
			runOnlyForDeploymentPostprocessing = 0;
			shellPath = /bin/sh;
			shellScript = "\"${PODS_ROOT}/Target Support Files/Pods-BestMeal/Pods-BestMeal-frameworks.sh\"\n";
		};
		EB7C70EB25CF6DEA00019F14 /* swiftLint */ = {
			isa = PBXShellScriptBuildPhase;
			buildActionMask = 2147483647;
			files = (
			);
			inputFileListPaths = (
			);
			inputPaths = (
			);
			name = swiftLint;
			outputFileListPaths = (
			);
			outputPaths = (
			);
			runOnlyForDeploymentPostprocessing = 0;
			shellPath = /bin/sh;
			shellScript = "
";
		};
		EBC5CEFB2602878800ED5AD8 /* R.swift */ = {
			isa = PBXShellScriptBuildPhase;
			buildActionMask = 2147483647;
			files = (
			);
			inputFileListPaths = (
			);
			inputPaths = (
				"$TEMP_DIR/rswift-lastrun",
			);
			name = R.swift;
			outputFileListPaths = (
			);
			outputPaths = (
				$SRCROOT/BestMeal/R.generated.swift,
			);
			runOnlyForDeploymentPostprocessing = 0;
			shellPath = /bin/sh;
			shellScript = "\"$PODS_ROOT/R.swift/rswift\" generate \"$SRCROOT/BestMeal/R.generated.swift\"\n";
		};
/* End PBXShellScriptBuildPhase section */

/* Begin PBXSourcesBuildPhase section */
		EB6F77F22584889E00C50F9F /* Sources */ = {
			isa = PBXSourcesBuildPhase;
			buildActionMask = 2147483647;
			files = (
				EB6F783525848EA000C50F9F /* CardSwipeViewController.swift in Sources */,
				EB01A61E266B68990098181B /* CardSwipeViewPresenter.swift in Sources */,
				EBC16B7B25E76AA40066B110 /* ListPlaceImageCell.swift in Sources */,
				EB6F782F25848E7D00C50F9F /* RegisterViewController.swift in Sources */,
				EB01A620266B68B10098181B /* FavoritePlaceListViewPresenter.swift in Sources */,
				EB01A622266B70A10098181B /* SearchInteractor.swift in Sources */,
				EB903DE126045EA5004851B4 /* LikePlaceDatas.swift in Sources */,
				EBF3EBA1265120270036CD49 /* DisplayDatas.swift in Sources */,
				EBE5FC7A2650EAE100B7A971 /* BaseViewController.swift in Sources */,
				EB8F3BC525E685D900624807 /* Constraints.swift in Sources */,
				EB6F77FA2584889E00C50F9F /* AppDelegate.swift in Sources */,
				EBE5FD01265107D900B7A971 /* CardSwiperModel.swift in Sources */,
				EB6F784125849B4B00C50F9F /* AnalyticsModel.swift in Sources */,
				EB9DFBF12680D96900BA5D65 /* RegisterRouter.swift in Sources */,
				EBC5CEFD2602883C00ED5AD8 /* R.generated.swift in Sources */,
				EB01A624266B70C60098181B /* CardSwipeInteractor.swift in Sources */,
				EB01A626266B70DF0098181B /* FavoritePlaceListInteractor.swift in Sources */,
				EB6F78872584ED4F00C50F9F /* FavoritePlaceListViewController.swift in Sources */,
				EB01A61A266B686F0098181B /* RegisterViewPresenter.swift in Sources */,
				EB6F784425849D8B00C50F9F /* ShopData.swift in Sources */,
				EB6F783225848E8900C50F9F /* SearchViewController.swift in Sources */,
				EBC16B8025E76AC20066B110 /* ListPlaceNameCell.swift in Sources */,
				EBF51CED25D9215B00F0747C /* DataModelOnRealm.swift in Sources */,
				EB0782292633F490000571D3 /* UILabel+.swift in Sources */,
				EB6F77FC2584889E00C50F9F /* SceneDelegate.swift in Sources */,
				EB2153DC25D264B0007BB9A0 /* PermitJudgeModel.swift in Sources */,
				EB6F78622584CABB00C50F9F /* CardViewCell.swift in Sources */,
				EB01A61C266B687F0098181B /* SearchViewPresenter.swift in Sources */,
				EB73D4A12684CC9C00510105 /* CardSwipeRouter.swift in Sources */,
				EBC8E939268221D000F84287 /* SearchRouter.swift in Sources */,
				EB9DFBF32680D9F300BA5D65 /* RegisterInteractor.swift in Sources */,
				EB08561A2622D27400DEEFB9 /* showAlertProtocol.swift in Sources */,
				EB7E0DC025AAF53D008BBE26 /* SaveDataOnTheList.swift in Sources */,
			);
			runOnlyForDeploymentPostprocessing = 0;
		};
		EBDC9B64266D0E560091F381 /* Sources */ = {
			isa = PBXSourcesBuildPhase;
			buildActionMask = 2147483647;
			files = (
			);
			runOnlyForDeploymentPostprocessing = 0;
		};
/* End PBXSourcesBuildPhase section */

/* Begin PBXTargetDependency section */
		EBDC9B6E266D0E560091F381 /* PBXTargetDependency */ = {
			isa = PBXTargetDependency;
			target = EB6F77F52584889E00C50F9F /* BestMeal */;
			targetProxy = EBDC9B6D266D0E560091F381 /* PBXContainerItemProxy */;
		};
/* End PBXTargetDependency section */

/* Begin PBXVariantGroup section */
		EB6F77FF2584889E00C50F9F /* Register.storyboard */ = {
			isa = PBXVariantGroup;
			children = (
				EB6F78002584889E00C50F9F /* Base */,
			);
			name = Register.storyboard;
			sourceTree = "<group>";
		};
		EB6F78042584889F00C50F9F /* LaunchScreen.storyboard */ = {
			isa = PBXVariantGroup;
			children = (
				EB6F78052584889F00C50F9F /* Base */,
			);
			name = LaunchScreen.storyboard;
			sourceTree = "<group>";
		};
/* End PBXVariantGroup section */

/* Begin XCBuildConfiguration section */
		EB6F78082584889F00C50F9F /* Debug */ = {
			isa = XCBuildConfiguration;
			buildSettings = {
				ALWAYS_SEARCH_USER_PATHS = NO;
				CLANG_ANALYZER_NONNULL = YES;
				CLANG_ANALYZER_NUMBER_OBJECT_CONVERSION = YES_AGGRESSIVE;
				CLANG_CXX_LANGUAGE_STANDARD = "gnu++14";
				CLANG_CXX_LIBRARY = "libc++";
				CLANG_ENABLE_MODULES = YES;
				CLANG_ENABLE_OBJC_ARC = YES;
				CLANG_ENABLE_OBJC_WEAK = YES;
				CLANG_WARN_BLOCK_CAPTURE_AUTORELEASING = YES;
				CLANG_WARN_BOOL_CONVERSION = YES;
				CLANG_WARN_COMMA = YES;
				CLANG_WARN_CONSTANT_CONVERSION = YES;
				CLANG_WARN_DEPRECATED_OBJC_IMPLEMENTATIONS = YES;
				CLANG_WARN_DIRECT_OBJC_ISA_USAGE = YES_ERROR;
				CLANG_WARN_DOCUMENTATION_COMMENTS = YES;
				CLANG_WARN_EMPTY_BODY = YES;
				CLANG_WARN_ENUM_CONVERSION = YES;
				CLANG_WARN_INFINITE_RECURSION = YES;
				CLANG_WARN_INT_CONVERSION = YES;
				CLANG_WARN_NON_LITERAL_NULL_CONVERSION = YES;
				CLANG_WARN_OBJC_IMPLICIT_RETAIN_SELF = YES;
				CLANG_WARN_OBJC_LITERAL_CONVERSION = YES;
				CLANG_WARN_OBJC_ROOT_CLASS = YES_ERROR;
				CLANG_WARN_QUOTED_INCLUDE_IN_FRAMEWORK_HEADER = YES;
				CLANG_WARN_RANGE_LOOP_ANALYSIS = YES;
				CLANG_WARN_STRICT_PROTOTYPES = YES;
				CLANG_WARN_SUSPICIOUS_MOVE = YES;
				CLANG_WARN_UNGUARDED_AVAILABILITY = YES_AGGRESSIVE;
				CLANG_WARN_UNREACHABLE_CODE = YES;
				CLANG_WARN__DUPLICATE_METHOD_MATCH = YES;
				CODE_SIGN_IDENTITY = "Apple Distribution";
				CODE_SIGN_STYLE = Automatic;
				COPY_PHASE_STRIP = NO;
				DEBUG_INFORMATION_FORMAT = dwarf;
				DEVELOPMENT_TEAM = N5BTNCBLBU;
				ENABLE_STRICT_OBJC_MSGSEND = YES;
				ENABLE_TESTABILITY = YES;
				"EXCLUDED_ARCHS[sdk=iphonesimulator*]" = arm64;
				GCC_C_LANGUAGE_STANDARD = gnu11;
				GCC_DYNAMIC_NO_PIC = NO;
				GCC_NO_COMMON_BLOCKS = YES;
				GCC_OPTIMIZATION_LEVEL = 0;
				GCC_PREPROCESSOR_DEFINITIONS = (
					"DEBUG=1",
					"$(inherited)",
				);
				GCC_WARN_64_TO_32_BIT_CONVERSION = YES;
				GCC_WARN_ABOUT_RETURN_TYPE = YES_ERROR;
				GCC_WARN_UNDECLARED_SELECTOR = YES;
				GCC_WARN_UNINITIALIZED_AUTOS = YES_AGGRESSIVE;
				GCC_WARN_UNUSED_FUNCTION = YES;
				GCC_WARN_UNUSED_VARIABLE = YES;
				IPHONEOS_DEPLOYMENT_TARGET = 13.0;
				MTL_ENABLE_DEBUG_INFO = INCLUDE_SOURCE;
				MTL_FAST_MATH = YES;
				ONLY_ACTIVE_ARCH = NO;
				SDKROOT = iphoneos;
				SWIFT_ACTIVE_COMPILATION_CONDITIONS = DEBUG;
				SWIFT_OPTIMIZATION_LEVEL = "-Onone";
				VALIDATE_PRODUCT = YES;
				VALIDATE_WORKSPACE = YES;
			};
			name = Debug;
		};
		EB6F78092584889F00C50F9F /* Release */ = {
			isa = XCBuildConfiguration;
			buildSettings = {
				ALWAYS_SEARCH_USER_PATHS = NO;
				CLANG_ANALYZER_NONNULL = YES;
				CLANG_ANALYZER_NUMBER_OBJECT_CONVERSION = YES_AGGRESSIVE;
				CLANG_CXX_LANGUAGE_STANDARD = "gnu++14";
				CLANG_CXX_LIBRARY = "libc++";
				CLANG_ENABLE_MODULES = YES;
				CLANG_ENABLE_OBJC_ARC = YES;
				CLANG_ENABLE_OBJC_WEAK = YES;
				CLANG_WARN_BLOCK_CAPTURE_AUTORELEASING = YES;
				CLANG_WARN_BOOL_CONVERSION = YES;
				CLANG_WARN_COMMA = YES;
				CLANG_WARN_CONSTANT_CONVERSION = YES;
				CLANG_WARN_DEPRECATED_OBJC_IMPLEMENTATIONS = YES;
				CLANG_WARN_DIRECT_OBJC_ISA_USAGE = YES_ERROR;
				CLANG_WARN_DOCUMENTATION_COMMENTS = YES;
				CLANG_WARN_EMPTY_BODY = YES;
				CLANG_WARN_ENUM_CONVERSION = YES;
				CLANG_WARN_INFINITE_RECURSION = YES;
				CLANG_WARN_INT_CONVERSION = YES;
				CLANG_WARN_NON_LITERAL_NULL_CONVERSION = YES;
				CLANG_WARN_OBJC_IMPLICIT_RETAIN_SELF = YES;
				CLANG_WARN_OBJC_LITERAL_CONVERSION = YES;
				CLANG_WARN_OBJC_ROOT_CLASS = YES_ERROR;
				CLANG_WARN_QUOTED_INCLUDE_IN_FRAMEWORK_HEADER = YES;
				CLANG_WARN_RANGE_LOOP_ANALYSIS = YES;
				CLANG_WARN_STRICT_PROTOTYPES = YES;
				CLANG_WARN_SUSPICIOUS_MOVE = YES;
				CLANG_WARN_UNGUARDED_AVAILABILITY = YES_AGGRESSIVE;
				CLANG_WARN_UNREACHABLE_CODE = YES;
				CLANG_WARN__DUPLICATE_METHOD_MATCH = YES;
				CODE_SIGN_IDENTITY = "Apple Distribution";
				CODE_SIGN_STYLE = Automatic;
				COPY_PHASE_STRIP = NO;
				DEBUG_INFORMATION_FORMAT = "dwarf-with-dsym";
				DEVELOPMENT_TEAM = N5BTNCBLBU;
				ENABLE_NS_ASSERTIONS = NO;
				ENABLE_STRICT_OBJC_MSGSEND = YES;
				"EXCLUDED_ARCHS[sdk=iphonesimulator*]" = arm64;
				GCC_C_LANGUAGE_STANDARD = gnu11;
				GCC_NO_COMMON_BLOCKS = YES;
				GCC_WARN_64_TO_32_BIT_CONVERSION = YES;
				GCC_WARN_ABOUT_RETURN_TYPE = YES_ERROR;
				GCC_WARN_UNDECLARED_SELECTOR = YES;
				GCC_WARN_UNINITIALIZED_AUTOS = YES_AGGRESSIVE;
				GCC_WARN_UNUSED_FUNCTION = YES;
				GCC_WARN_UNUSED_VARIABLE = YES;
				IPHONEOS_DEPLOYMENT_TARGET = 13.0;
				MTL_ENABLE_DEBUG_INFO = NO;
				MTL_FAST_MATH = YES;
				ONLY_ACTIVE_ARCH = NO;
				SDKROOT = iphoneos;
				SWIFT_COMPILATION_MODE = wholemodule;
				SWIFT_OPTIMIZATION_LEVEL = "-O";
				VALIDATE_PRODUCT = YES;
			};
			name = Release;
		};
		EB6F780B2584889F00C50F9F /* Debug */ = {
			isa = XCBuildConfiguration;
			baseConfigurationReference = 1149420E99BE2A84BD471CAC /* Pods-BestMeal.debug.xcconfig */;
			buildSettings = {
				ASSETCATALOG_COMPILER_APPICON_NAME = AppIcon;
				ASSETCATALOG_COMPILER_GLOBAL_ACCENT_COLOR_NAME = AccentColor;
				CODE_SIGN_ENTITLEMENTS = BestMeal/BestMeal.entitlements;
				CODE_SIGN_IDENTITY = "iPhone Developer";
				CODE_SIGN_STYLE = Manual;
				CURRENT_PROJECT_VERSION = 1;
				DEVELOPMENT_TEAM = N5BTNCBLBU;
				FRAMEWORK_SEARCH_PATHS = (
					"$(inherited)",
					"$(PROJECT_DIR)/Carthage/Build/iOS",
				);
				INFOPLIST_FILE = BestMeal/Info.plist;
				IPHONEOS_DEPLOYMENT_TARGET = 13.0;
				LD_RUNPATH_SEARCH_PATHS = (
					"$(inherited)",
					"@executable_path/Frameworks",
				);
				MARKETING_VERSION = 2.12.3;
				PRODUCT_BUNDLE_IDENTIFIER = BestMealOnMyDevice;
				PRODUCT_NAME = "$(TARGET_NAME)";
				PROVISIONING_PROFILE_SPECIFIER = BestMealOnMyDevice;
				"PROVISIONING_PROFILE_SPECIFIER[sdk=macosx*]" = "";
				SUPPORTS_MACCATALYST = NO;
				SWIFT_VERSION = 5.0;
				TARGETED_DEVICE_FAMILY = 1;
			};
			name = Debug;
		};
		EB6F780C2584889F00C50F9F /* Release */ = {
			isa = XCBuildConfiguration;
			baseConfigurationReference = 3A25342EF01C1A0C4A99D0C0 /* Pods-BestMeal.release.xcconfig */;
			buildSettings = {
				ASSETCATALOG_COMPILER_APPICON_NAME = AppIcon;
				ASSETCATALOG_COMPILER_GLOBAL_ACCENT_COLOR_NAME = AccentColor;
				CODE_SIGN_ENTITLEMENTS = BestMeal/BestMeal.entitlements;
				CODE_SIGN_IDENTITY = "Apple Distribution";
				CODE_SIGN_STYLE = Manual;
				CURRENT_PROJECT_VERSION = 1;
				DEVELOPMENT_TEAM = N5BTNCBLBU;
				FRAMEWORK_SEARCH_PATHS = (
					"$(inherited)",
					"$(PROJECT_DIR)/Carthage/Build/iOS",
				);
				INFOPLIST_FILE = BestMeal/Info.plist;
				IPHONEOS_DEPLOYMENT_TARGET = 13.0;
				LD_RUNPATH_SEARCH_PATHS = (
					"$(inherited)",
					"@executable_path/Frameworks",
				);
				MARKETING_VERSION = 2.12.3;
				PRODUCT_BUNDLE_IDENTIFIER = HappyApp;
				PRODUCT_NAME = "$(TARGET_NAME)";
				PROVISIONING_PROFILE_SPECIFIER = happyApp;
				"PROVISIONING_PROFILE_SPECIFIER[sdk=macosx*]" = "";
				SUPPORTS_MACCATALYST = NO;
				SWIFT_VERSION = 5.0;
				TARGETED_DEVICE_FAMILY = 1;
			};
			name = Release;
		};
		EBDC9B70266D0E560091F381 /* Debug */ = {
			isa = XCBuildConfiguration;
			buildSettings = {
				CODE_SIGN_STYLE = Automatic;
				INFOPLIST_FILE = BestMealUITests/Info.plist;
				IPHONEOS_DEPLOYMENT_TARGET = 14.5;
				LD_RUNPATH_SEARCH_PATHS = (
					"$(inherited)",
					"@executable_path/Frameworks",
					"@loader_path/Frameworks",
				);
				ONLY_ACTIVE_ARCH = YES;
				PRODUCT_BUNDLE_IDENTIFIER = com.LIAM.BestMealUITests;
				PRODUCT_NAME = "$(TARGET_NAME)";
				PROVISIONING_PROFILE = "";
				SWIFT_VERSION = 5.0;
				TARGETED_DEVICE_FAMILY = "1,2";
				TEST_TARGET_NAME = BestMeal;
			};
			name = Debug;
		};
		EBDC9B71266D0E560091F381 /* Release */ = {
			isa = XCBuildConfiguration;
			buildSettings = {
				CODE_SIGN_STYLE = Automatic;
				INFOPLIST_FILE = BestMealUITests/Info.plist;
				IPHONEOS_DEPLOYMENT_TARGET = 14.5;
				LD_RUNPATH_SEARCH_PATHS = (
					"$(inherited)",
					"@executable_path/Frameworks",
					"@loader_path/Frameworks",
				);
				PRODUCT_BUNDLE_IDENTIFIER = com.LIAM.BestMealUITests;
				PRODUCT_NAME = "$(TARGET_NAME)";
				PROVISIONING_PROFILE = "";
				SWIFT_VERSION = 5.0;
				TARGETED_DEVICE_FAMILY = "1,2";
				TEST_TARGET_NAME = BestMeal;
			};
			name = Release;
		};
/* End XCBuildConfiguration section */

/* Begin XCConfigurationList section */
		EB6F77F12584889E00C50F9F /* Build configuration list for PBXProject "BestMeal" */ = {
			isa = XCConfigurationList;
			buildConfigurations = (
				EB6F78082584889F00C50F9F /* Debug */,
				EB6F78092584889F00C50F9F /* Release */,
			);
			defaultConfigurationIsVisible = 0;
			defaultConfigurationName = Release;
		};
		EB6F780A2584889F00C50F9F /* Build configuration list for PBXNativeTarget "BestMeal" */ = {
			isa = XCConfigurationList;
			buildConfigurations = (
				EB6F780B2584889F00C50F9F /* Debug */,
				EB6F780C2584889F00C50F9F /* Release */,
			);
			defaultConfigurationIsVisible = 0;
			defaultConfigurationName = Release;
		};
		EBDC9B6F266D0E560091F381 /* Build configuration list for PBXNativeTarget "BestMealUITests" */ = {
			isa = XCConfigurationList;
			buildConfigurations = (
				EBDC9B70266D0E560091F381 /* Debug */,
				EBDC9B71266D0E560091F381 /* Release */,
			);
			defaultConfigurationIsVisible = 0;
			defaultConfigurationName = Release;
		};
/* End XCConfigurationList section */
	};
	rootObject = EB6F77EE2584889E00C50F9F /* Project object */;
}
